
Microsoft Visual Studio Solution File, Format Version 12.00
# Visual Studio 15
VisualStudioVersion = 15.0.28307.168
MinimumVisualStudioVersion = 10.0.40219.1
Project("{FAE04EC0-301F-11D3-BF4B-00C04F79EFBC}") = "VIrus01_꼬꼬댁_바이러스", "VIrus01_꼬꼬댁_바이러스\VIrus01_꼬꼬댁_바이러스.csproj", "{D499D630-E458-47BD-8A0D-EE550F083B33}"
EndProject
Global
	GlobalSection(SolutionConfigurationPlatforms) = preSolution
		Debug|Any CPU = Debug|Any CPU
		Release|Any CPU = Release|Any CPU
	EndGlobalSection
	GlobalSection(ProjectConfigurationPlatforms) = postSolution
		{D499D630-E458-47BD-8A0D-EE550F083B33}.Debug|Any CPU.ActiveCfg = Debug|Any CPU
		{D499D630-E458-47BD-8A0D-EE550F083B33}.Debug|Any CPU.Build.0 = Debug|Any CPU
		{D499D630-E458-47BD-8A0D-EE550F083B33}.Release|Any CPU.ActiveCfg = Release|Any CPU
		{D499D630-E458-47BD-8A0D-EE550F083B33}.Release|Any CPU.Build.0 = Release|Any CPU
	EndGlobalSection
	GlobalSection(SolutionProperties) = preSolution
		HideSolutionNode = FALSE
	EndGlobalSection
	GlobalSection(ExtensibilityGlobals) = postSolution
		SolutionGuid = {C301A256-F4E5-4462-ACD9-FE8727386A9A}
	EndGlobalSection
EndGlobal
